// !$*UTF8*$!
{
	archiveVersion = 1;
	classes = {
	};
	objectVersion = 55;
	objects = {

/* Begin PBXBuildFile section */
		2F82BCF25C07EF7C52C0F7D7 /* Pods_BAMX_DeltaTests.framework in Frameworks */ = {isa = PBXBuildFile; fileRef = C481E1BED35D0A51278419CE /* Pods_BAMX_DeltaTests.framework */; };
		82FB939726DBD47B9DBBE946 /* Pods_BAMX_Delta_BAMX_DeltaUITests.framework in Frameworks */ = {isa = PBXBuildFile; fileRef = B940C438BC312C9DB6A9D061 /* Pods_BAMX_Delta_BAMX_DeltaUITests.framework */; };
		F216911B2919E20500D42474 /* FirebaseAuthManager.swift in Sources */ = {isa = PBXBuildFile; fileRef = F216911A2919E20500D42474 /* FirebaseAuthManager.swift */; };
		F2171DB328FB655A002ADAB7 /* LoginViewController.swift in Sources */ = {isa = PBXBuildFile; fileRef = F2171DB228FB655A002ADAB7 /* LoginViewController.swift */; };
		F2171DBC28FB6E15002ADAB7 /* RegisterViewController.swift in Sources */ = {isa = PBXBuildFile; fileRef = F2171DBB28FB6E15002ADAB7 /* RegisterViewController.swift */; };
		F21A5F18292E594800ED5064 /* CampaignsViewController.swift in Sources */ = {isa = PBXBuildFile; fileRef = F21A5F17292E594800ED5064 /* CampaignsViewController.swift */; };
		F21D5F6F291714EE00324EA5 /* FirebaseAuth in Frameworks */ = {isa = PBXBuildFile; productRef = F21D5F6E291714EE00324EA5 /* FirebaseAuth */; };
		F21D5F71291714EE00324EA5 /* FirebaseDatabase in Frameworks */ = {isa = PBXBuildFile; productRef = F21D5F70291714EE00324EA5 /* FirebaseDatabase */; };
		F22A7CDA291962AB002838B2 /* GoogleService-Info.plist in Resources */ = {isa = PBXBuildFile; fileRef = F22A7CD9291962AB002838B2 /* GoogleService-Info.plist */; };
		F22A7CDB291962AB002838B2 /* GoogleService-Info.plist in Resources */ = {isa = PBXBuildFile; fileRef = F22A7CD9291962AB002838B2 /* GoogleService-Info.plist */; };
		F22A7CDC291962AB002838B2 /* GoogleService-Info.plist in Resources */ = {isa = PBXBuildFile; fileRef = F22A7CD9291962AB002838B2 /* GoogleService-Info.plist */; };
		F23104BE292960D700BCD719 /* Usuario.swift in Sources */ = {isa = PBXBuildFile; fileRef = F23104BD292960D700BCD719 /* Usuario.swift */; };
		F266665128F76A74005C192C /* AppDelegate.swift in Sources */ = {isa = PBXBuildFile; fileRef = F266665028F76A74005C192C /* AppDelegate.swift */; };
		F266665328F76A74005C192C /* SceneDelegate.swift in Sources */ = {isa = PBXBuildFile; fileRef = F266665228F76A74005C192C /* SceneDelegate.swift */; };
		F266665528F76A74005C192C /* ViewController.swift in Sources */ = {isa = PBXBuildFile; fileRef = F266665428F76A74005C192C /* ViewController.swift */; };
		F266665828F76A74005C192C /* Main.storyboard in Resources */ = {isa = PBXBuildFile; fileRef = F266665628F76A74005C192C /* Main.storyboard */; };
		F266665A28F76A78005C192C /* Assets.xcassets in Resources */ = {isa = PBXBuildFile; fileRef = F266665928F76A78005C192C /* Assets.xcassets */; };
		F266665D28F76A78005C192C /* LaunchScreen.storyboard in Resources */ = {isa = PBXBuildFile; fileRef = F266665B28F76A78005C192C /* LaunchScreen.storyboard */; };
		F266666828F76A7A005C192C /* BAMX_DeltaTests.swift in Sources */ = {isa = PBXBuildFile; fileRef = F266666728F76A7A005C192C /* BAMX_DeltaTests.swift */; };
		F266667228F76A7A005C192C /* BAMX_DeltaUITests.swift in Sources */ = {isa = PBXBuildFile; fileRef = F266667128F76A7A005C192C /* BAMX_DeltaUITests.swift */; };
		F266667428F76A7A005C192C /* BAMX_DeltaUITestsLaunchTests.swift in Sources */ = {isa = PBXBuildFile; fileRef = F266667328F76A7A005C192C /* BAMX_DeltaUITestsLaunchTests.swift */; };
		F26A28CB292FC88E005547D0 /* VolunteerViewController.swift in Sources */ = {isa = PBXBuildFile; fileRef = F26A28CA292FC88E005547D0 /* VolunteerViewController.swift */; };
		F26A28CD292FC8A3005547D0 /* DonationsViewController.swift in Sources */ = {isa = PBXBuildFile; fileRef = F26A28CC292FC8A3005547D0 /* DonationsViewController.swift */; };
		F2E2048A29246ECE0043ED6E /* MyAccountViewController.swift in Sources */ = {isa = PBXBuildFile; fileRef = F2E2048929246ECE0043ED6E /* MyAccountViewController.swift */; };
		F2F163EA29229B9F00F1C7F9 /* AboutUsViewController.swift in Sources */ = {isa = PBXBuildFile; fileRef = F2F163E929229B9E00F1C7F9 /* AboutUsViewController.swift */; };
		FB0E880655219074C64D3F6F /* Pods_BAMX_Delta.framework in Frameworks */ = {isa = PBXBuildFile; fileRef = C700AE12AAC9D2E0C8BA0085 /* Pods_BAMX_Delta.framework */; };
/* End PBXBuildFile section */

/* Begin PBXContainerItemProxy section */
		F266666428F76A7A005C192C /* PBXContainerItemProxy */ = {
			isa = PBXContainerItemProxy;
			containerPortal = F266664528F76A74005C192C /* Project object */;
			proxyType = 1;
			remoteGlobalIDString = F266664C28F76A74005C192C;
			remoteInfo = BAMX_Delta;
		};
		F266666E28F76A7A005C192C /* PBXContainerItemProxy */ = {
			isa = PBXContainerItemProxy;
			containerPortal = F266664528F76A74005C192C /* Project object */;
			proxyType = 1;
			remoteGlobalIDString = F266664C28F76A74005C192C;
			remoteInfo = BAMX_Delta;
		};
/* End PBXContainerItemProxy section */

/* Begin PBXFileReference section */
		10974F3C14007FC94FF3FA92 /* Pods-BAMX_DeltaTests.release.xcconfig */ = {isa = PBXFileReference; includeInIndex = 1; lastKnownFileType = text.xcconfig; name = "Pods-BAMX_DeltaTests.release.xcconfig"; path = "Target Support Files/Pods-BAMX_DeltaTests/Pods-BAMX_DeltaTests.release.xcconfig"; sourceTree = "<group>"; };
		2FBAD79282CE80454B411624 /* Pods-BAMX_Delta-BAMX_DeltaUITests.release.xcconfig */ = {isa = PBXFileReference; includeInIndex = 1; lastKnownFileType = text.xcconfig; name = "Pods-BAMX_Delta-BAMX_DeltaUITests.release.xcconfig"; path = "Target Support Files/Pods-BAMX_Delta-BAMX_DeltaUITests/Pods-BAMX_Delta-BAMX_DeltaUITests.release.xcconfig"; sourceTree = "<group>"; };
		4347FE19018E97C0AE1CC075 /* Pods-BAMX_Delta.release.xcconfig */ = {isa = PBXFileReference; includeInIndex = 1; lastKnownFileType = text.xcconfig; name = "Pods-BAMX_Delta.release.xcconfig"; path = "Target Support Files/Pods-BAMX_Delta/Pods-BAMX_Delta.release.xcconfig"; sourceTree = "<group>"; };
		5D8A1B13E10B67FFB11C5880 /* Pods-BAMX_Delta-BAMX_DeltaUITests.debug.xcconfig */ = {isa = PBXFileReference; includeInIndex = 1; lastKnownFileType = text.xcconfig; name = "Pods-BAMX_Delta-BAMX_DeltaUITests.debug.xcconfig"; path = "Target Support Files/Pods-BAMX_Delta-BAMX_DeltaUITests/Pods-BAMX_Delta-BAMX_DeltaUITests.debug.xcconfig"; sourceTree = "<group>"; };
		B940C438BC312C9DB6A9D061 /* Pods_BAMX_Delta_BAMX_DeltaUITests.framework */ = {isa = PBXFileReference; explicitFileType = wrapper.framework; includeInIndex = 0; path = Pods_BAMX_Delta_BAMX_DeltaUITests.framework; sourceTree = BUILT_PRODUCTS_DIR; };
		BE01436F7253D73023EB8CB4 /* Pods-BAMX_DeltaTests.debug.xcconfig */ = {isa = PBXFileReference; includeInIndex = 1; lastKnownFileType = text.xcconfig; name = "Pods-BAMX_DeltaTests.debug.xcconfig"; path = "Target Support Files/Pods-BAMX_DeltaTests/Pods-BAMX_DeltaTests.debug.xcconfig"; sourceTree = "<group>"; };
		C481E1BED35D0A51278419CE /* Pods_BAMX_DeltaTests.framework */ = {isa = PBXFileReference; explicitFileType = wrapper.framework; includeInIndex = 0; path = Pods_BAMX_DeltaTests.framework; sourceTree = BUILT_PRODUCTS_DIR; };
		C700AE12AAC9D2E0C8BA0085 /* Pods_BAMX_Delta.framework */ = {isa = PBXFileReference; explicitFileType = wrapper.framework; includeInIndex = 0; path = Pods_BAMX_Delta.framework; sourceTree = BUILT_PRODUCTS_DIR; };
		ECA6287FA6435AA790BB5269 /* Pods-BAMX_Delta.debug.xcconfig */ = {isa = PBXFileReference; includeInIndex = 1; lastKnownFileType = text.xcconfig; name = "Pods-BAMX_Delta.debug.xcconfig"; path = "Target Support Files/Pods-BAMX_Delta/Pods-BAMX_Delta.debug.xcconfig"; sourceTree = "<group>"; };
		F216911A2919E20500D42474 /* FirebaseAuthManager.swift */ = {isa = PBXFileReference; lastKnownFileType = sourcecode.swift; path = FirebaseAuthManager.swift; sourceTree = "<group>"; };
		F2171DB228FB655A002ADAB7 /* LoginViewController.swift */ = {isa = PBXFileReference; lastKnownFileType = sourcecode.swift; path = LoginViewController.swift; sourceTree = "<group>"; };
		F2171DBB28FB6E15002ADAB7 /* RegisterViewController.swift */ = {isa = PBXFileReference; lastKnownFileType = sourcecode.swift; path = RegisterViewController.swift; sourceTree = "<group>"; };
		F21A5F17292E594800ED5064 /* CampaignsViewController.swift */ = {isa = PBXFileReference; lastKnownFileType = sourcecode.swift; path = CampaignsViewController.swift; sourceTree = "<group>"; };
		F22A7CD9291962AB002838B2 /* GoogleService-Info.plist */ = {isa = PBXFileReference; fileEncoding = 4; lastKnownFileType = text.plist.xml; name = "GoogleService-Info.plist"; path = "../../../../Downloads/GoogleService-Info.plist"; sourceTree = "<group>"; };
		F23104BD292960D700BCD719 /* Usuario.swift */ = {isa = PBXFileReference; lastKnownFileType = sourcecode.swift; path = Usuario.swift; sourceTree = "<group>"; };
		F266664D28F76A74005C192C /* BAMX_Delta.app */ = {isa = PBXFileReference; explicitFileType = wrapper.application; includeInIndex = 0; path = BAMX_Delta.app; sourceTree = BUILT_PRODUCTS_DIR; };
		F266665028F76A74005C192C /* AppDelegate.swift */ = {isa = PBXFileReference; lastKnownFileType = sourcecode.swift; path = AppDelegate.swift; sourceTree = "<group>"; };
		F266665228F76A74005C192C /* SceneDelegate.swift */ = {isa = PBXFileReference; lastKnownFileType = sourcecode.swift; path = SceneDelegate.swift; sourceTree = "<group>"; };
		F266665428F76A74005C192C /* ViewController.swift */ = {isa = PBXFileReference; lastKnownFileType = sourcecode.swift; path = ViewController.swift; sourceTree = "<group>"; };
		F266665728F76A74005C192C /* Base */ = {isa = PBXFileReference; lastKnownFileType = file.storyboard; name = Base; path = Base.lproj/Main.storyboard; sourceTree = "<group>"; };
		F266665928F76A78005C192C /* Assets.xcassets */ = {isa = PBXFileReference; lastKnownFileType = folder.assetcatalog; path = Assets.xcassets; sourceTree = "<group>"; };
		F266665C28F76A78005C192C /* Base */ = {isa = PBXFileReference; lastKnownFileType = file.storyboard; name = Base; path = Base.lproj/LaunchScreen.storyboard; sourceTree = "<group>"; };
		F266665E28F76A79005C192C /* Info.plist */ = {isa = PBXFileReference; lastKnownFileType = text.plist.xml; path = Info.plist; sourceTree = "<group>"; };
		F266666328F76A79005C192C /* BAMX_DeltaTests.xctest */ = {isa = PBXFileReference; explicitFileType = wrapper.cfbundle; includeInIndex = 0; path = BAMX_DeltaTests.xctest; sourceTree = BUILT_PRODUCTS_DIR; };
		F266666728F76A7A005C192C /* BAMX_DeltaTests.swift */ = {isa = PBXFileReference; lastKnownFileType = sourcecode.swift; path = BAMX_DeltaTests.swift; sourceTree = "<group>"; };
		F266666D28F76A7A005C192C /* BAMX_DeltaUITests.xctest */ = {isa = PBXFileReference; explicitFileType = wrapper.cfbundle; includeInIndex = 0; path = BAMX_DeltaUITests.xctest; sourceTree = BUILT_PRODUCTS_DIR; };
		F266667128F76A7A005C192C /* BAMX_DeltaUITests.swift */ = {isa = PBXFileReference; lastKnownFileType = sourcecode.swift; path = BAMX_DeltaUITests.swift; sourceTree = "<group>"; };
		F266667328F76A7A005C192C /* BAMX_DeltaUITestsLaunchTests.swift */ = {isa = PBXFileReference; lastKnownFileType = sourcecode.swift; path = BAMX_DeltaUITestsLaunchTests.swift; sourceTree = "<group>"; };
		F26A28CA292FC88E005547D0 /* VolunteerViewController.swift */ = {isa = PBXFileReference; lastKnownFileType = sourcecode.swift; path = VolunteerViewController.swift; sourceTree = "<group>"; };
		F26A28CC292FC8A3005547D0 /* DonationsViewController.swift */ = {isa = PBXFileReference; lastKnownFileType = sourcecode.swift; path = DonationsViewController.swift; sourceTree = "<group>"; };
		F2E2048929246ECE0043ED6E /* MyAccountViewController.swift */ = {isa = PBXFileReference; lastKnownFileType = sourcecode.swift; path = MyAccountViewController.swift; sourceTree = "<group>"; };
		F2F163E929229B9E00F1C7F9 /* AboutUsViewController.swift */ = {isa = PBXFileReference; lastKnownFileType = sourcecode.swift; path = AboutUsViewController.swift; sourceTree = "<group>"; };
/* End PBXFileReference section */

/* Begin PBXFrameworksBuildPhase section */
		F266664A28F76A74005C192C /* Frameworks */ = {
			isa = PBXFrameworksBuildPhase;
			buildActionMask = 2147483647;
			files = (
				F21D5F71291714EE00324EA5 /* FirebaseDatabase in Frameworks */,
				F21D5F6F291714EE00324EA5 /* FirebaseAuth in Frameworks */,
				FB0E880655219074C64D3F6F /* Pods_BAMX_Delta.framework in Frameworks */,
			);
			runOnlyForDeploymentPostprocessing = 0;
		};
		F266666028F76A79005C192C /* Frameworks */ = {
			isa = PBXFrameworksBuildPhase;
			buildActionMask = 2147483647;
			files = (
				2F82BCF25C07EF7C52C0F7D7 /* Pods_BAMX_DeltaTests.framework in Frameworks */,
			);
			runOnlyForDeploymentPostprocessing = 0;
		};
		F266666A28F76A7A005C192C /* Frameworks */ = {
			isa = PBXFrameworksBuildPhase;
			buildActionMask = 2147483647;
			files = (
				82FB939726DBD47B9DBBE946 /* Pods_BAMX_Delta_BAMX_DeltaUITests.framework in Frameworks */,
			);
			runOnlyForDeploymentPostprocessing = 0;
		};
/* End PBXFrameworksBuildPhase section */

/* Begin PBXGroup section */
		91F5DAE90ECE2CDAD1383525 /* Frameworks */ = {
			isa = PBXGroup;
			children = (
				C700AE12AAC9D2E0C8BA0085 /* Pods_BAMX_Delta.framework */,
				B940C438BC312C9DB6A9D061 /* Pods_BAMX_Delta_BAMX_DeltaUITests.framework */,
				C481E1BED35D0A51278419CE /* Pods_BAMX_DeltaTests.framework */,
			);
			name = Frameworks;
			sourceTree = "<group>";
		};
		D7FAC850AA261D11868C8F71 /* Pods */ = {
			isa = PBXGroup;
			children = (
				ECA6287FA6435AA790BB5269 /* Pods-BAMX_Delta.debug.xcconfig */,
				4347FE19018E97C0AE1CC075 /* Pods-BAMX_Delta.release.xcconfig */,
				5D8A1B13E10B67FFB11C5880 /* Pods-BAMX_Delta-BAMX_DeltaUITests.debug.xcconfig */,
				2FBAD79282CE80454B411624 /* Pods-BAMX_Delta-BAMX_DeltaUITests.release.xcconfig */,
				BE01436F7253D73023EB8CB4 /* Pods-BAMX_DeltaTests.debug.xcconfig */,
				10974F3C14007FC94FF3FA92 /* Pods-BAMX_DeltaTests.release.xcconfig */,
			);
			path = Pods;
			sourceTree = "<group>";
		};
		F266664428F76A74005C192C = {
			isa = PBXGroup;
			children = (
				F266664F28F76A74005C192C /* BAMX_Delta */,
				F266666628F76A7A005C192C /* BAMX_DeltaTests */,
				F266667028F76A7A005C192C /* BAMX_DeltaUITests */,
				F266664E28F76A74005C192C /* Products */,
				D7FAC850AA261D11868C8F71 /* Pods */,
				91F5DAE90ECE2CDAD1383525 /* Frameworks */,
			);
			sourceTree = "<group>";
		};
		F266664E28F76A74005C192C /* Products */ = {
			isa = PBXGroup;
			children = (
				F266664D28F76A74005C192C /* BAMX_Delta.app */,
				F266666328F76A79005C192C /* BAMX_DeltaTests.xctest */,
				F266666D28F76A7A005C192C /* BAMX_DeltaUITests.xctest */,
			);
			name = Products;
			sourceTree = "<group>";
		};
		F266664F28F76A74005C192C /* BAMX_Delta */ = {
			isa = PBXGroup;
			children = (
				F266665028F76A74005C192C /* AppDelegate.swift */,
				F266665228F76A74005C192C /* SceneDelegate.swift */,
				F266665428F76A74005C192C /* ViewController.swift */,
				F2171DB228FB655A002ADAB7 /* LoginViewController.swift */,
				F2171DBB28FB6E15002ADAB7 /* RegisterViewController.swift */,
				F2F163E929229B9E00F1C7F9 /* AboutUsViewController.swift */,
				F21A5F17292E594800ED5064 /* CampaignsViewController.swift */,
				F2E2048929246ECE0043ED6E /* MyAccountViewController.swift */,
				F216911A2919E20500D42474 /* FirebaseAuthManager.swift */,
				F26A28CA292FC88E005547D0 /* VolunteerViewController.swift */,
				F26A28CC292FC8A3005547D0 /* DonationsViewController.swift */,
				F23104BD292960D700BCD719 /* Usuario.swift */,
				F266665628F76A74005C192C /* Main.storyboard */,
				F266665928F76A78005C192C /* Assets.xcassets */,
				F266665B28F76A78005C192C /* LaunchScreen.storyboard */,
				F266665E28F76A79005C192C /* Info.plist */,
				F22A7CD9291962AB002838B2 /* GoogleService-Info.plist */,
			);
			path = BAMX_Delta;
			sourceTree = "<group>";
		};
		F266666628F76A7A005C192C /* BAMX_DeltaTests */ = {
			isa = PBXGroup;
			children = (
				F266666728F76A7A005C192C /* BAMX_DeltaTests.swift */,
			);
			path = BAMX_DeltaTests;
			sourceTree = "<group>";
		};
		F266667028F76A7A005C192C /* BAMX_DeltaUITests */ = {
			isa = PBXGroup;
			children = (
				F266667128F76A7A005C192C /* BAMX_DeltaUITests.swift */,
				F266667328F76A7A005C192C /* BAMX_DeltaUITestsLaunchTests.swift */,
			);
			path = BAMX_DeltaUITests;
			sourceTree = "<group>";
		};
/* End PBXGroup section */

/* Begin PBXNativeTarget section */
		F266664C28F76A74005C192C /* BAMX_Delta */ = {
			isa = PBXNativeTarget;
			buildConfigurationList = F266667728F76A7A005C192C /* Build configuration list for PBXNativeTarget "BAMX_Delta" */;
			buildPhases = (
				91FDDE888C3D854860E9AC3A /* [CP] Check Pods Manifest.lock */,
				F266664928F76A74005C192C /* Sources */,
				F266664A28F76A74005C192C /* Frameworks */,
				F266664B28F76A74005C192C /* Resources */,
				1BFF7BBE8D7FE1A57DE45E9D /* [CP] Embed Pods Frameworks */,
			);
			buildRules = (
			);
			dependencies = (
			);
			name = BAMX_Delta;
			packageProductDependencies = (
				F21D5F6E291714EE00324EA5 /* FirebaseAuth */,
				F21D5F70291714EE00324EA5 /* FirebaseDatabase */,
			);
			productName = BAMX_Delta;
			productReference = F266664D28F76A74005C192C /* BAMX_Delta.app */;
			productType = "com.apple.product-type.application";
		};
		F266666228F76A79005C192C /* BAMX_DeltaTests */ = {
			isa = PBXNativeTarget;
			buildConfigurationList = F266667A28F76A7A005C192C /* Build configuration list for PBXNativeTarget "BAMX_DeltaTests" */;
			buildPhases = (
				8F86A90D60F087A4C753B523 /* [CP] Check Pods Manifest.lock */,
				F266665F28F76A79005C192C /* Sources */,
				F266666028F76A79005C192C /* Frameworks */,
				F266666128F76A79005C192C /* Resources */,
			);
			buildRules = (
			);
			dependencies = (
				F266666528F76A7A005C192C /* PBXTargetDependency */,
			);
			name = BAMX_DeltaTests;
			productName = BAMX_DeltaTests;
			productReference = F266666328F76A79005C192C /* BAMX_DeltaTests.xctest */;
			productType = "com.apple.product-type.bundle.unit-test";
		};
		F266666C28F76A7A005C192C /* BAMX_DeltaUITests */ = {
			isa = PBXNativeTarget;
			buildConfigurationList = F266667D28F76A7A005C192C /* Build configuration list for PBXNativeTarget "BAMX_DeltaUITests" */;
			buildPhases = (
				3512CFB250B34068CF553C3C /* [CP] Check Pods Manifest.lock */,
				F266666928F76A7A005C192C /* Sources */,
				F266666A28F76A7A005C192C /* Frameworks */,
				F266666B28F76A7A005C192C /* Resources */,
				37A74212387BFB3232B92979 /* [CP] Embed Pods Frameworks */,
			);
			buildRules = (
			);
			dependencies = (
				F266666F28F76A7A005C192C /* PBXTargetDependency */,
			);
			name = BAMX_DeltaUITests;
			productName = BAMX_DeltaUITests;
			productReference = F266666D28F76A7A005C192C /* BAMX_DeltaUITests.xctest */;
			productType = "com.apple.product-type.bundle.ui-testing";
		};
/* End PBXNativeTarget section */

/* Begin PBXProject section */
		F266664528F76A74005C192C /* Project object */ = {
			isa = PBXProject;
			attributes = {
				BuildIndependentTargetsInParallel = 1;
				LastSwiftUpdateCheck = 1400;
				LastUpgradeCheck = 1400;
				TargetAttributes = {
					F266664C28F76A74005C192C = {
						CreatedOnToolsVersion = 14.0;
					};
					F266666228F76A79005C192C = {
						CreatedOnToolsVersion = 14.0;
						TestTargetID = F266664C28F76A74005C192C;
					};
					F266666C28F76A7A005C192C = {
						CreatedOnToolsVersion = 14.0;
						TestTargetID = F266664C28F76A74005C192C;
					};
				};
			};
			buildConfigurationList = F266664828F76A74005C192C /* Build configuration list for PBXProject "BAMX_Delta" */;
			compatibilityVersion = "Xcode 13.0";
			developmentRegion = en;
			hasScannedForEncodings = 0;
			knownRegions = (
				en,
				Base,
			);
			mainGroup = F266664428F76A74005C192C;
			packageReferences = (
				F21D5F6D291714EE00324EA5 /* XCRemoteSwiftPackageReference "firebase-ios-sdk" */,
			);
			productRefGroup = F266664E28F76A74005C192C /* Products */;
			projectDirPath = "";
			projectRoot = "";
			targets = (
				F266664C28F76A74005C192C /* BAMX_Delta */,
				F266666228F76A79005C192C /* BAMX_DeltaTests */,
				F266666C28F76A7A005C192C /* BAMX_DeltaUITests */,
			);
		};
/* End PBXProject section */

/* Begin PBXResourcesBuildPhase section */
		F266664B28F76A74005C192C /* Resources */ = {
			isa = PBXResourcesBuildPhase;
			buildActionMask = 2147483647;
			files = (
				F266665D28F76A78005C192C /* LaunchScreen.storyboard in Resources */,
				F22A7CDA291962AB002838B2 /* GoogleService-Info.plist in Resources */,
				F266665A28F76A78005C192C /* Assets.xcassets in Resources */,
				F266665828F76A74005C192C /* Main.storyboard in Resources */,
			);
			runOnlyForDeploymentPostprocessing = 0;
		};
		F266666128F76A79005C192C /* Resources */ = {
			isa = PBXResourcesBuildPhase;
			buildActionMask = 2147483647;
			files = (
				F22A7CDB291962AB002838B2 /* GoogleService-Info.plist in Resources */,
			);
			runOnlyForDeploymentPostprocessing = 0;
		};
		F266666B28F76A7A005C192C /* Resources */ = {
			isa = PBXResourcesBuildPhase;
			buildActionMask = 2147483647;
			files = (
				F22A7CDC291962AB002838B2 /* GoogleService-Info.plist in Resources */,
			);
			runOnlyForDeploymentPostprocessing = 0;
		};
/* End PBXResourcesBuildPhase section */

/* Begin PBXShellScriptBuildPhase section */
		1BFF7BBE8D7FE1A57DE45E9D /* [CP] Embed Pods Frameworks */ = {
			isa = PBXShellScriptBuildPhase;
			buildActionMask = 2147483647;
			files = (
			);
			inputFileListPaths = (
				"${PODS_ROOT}/Target Support Files/Pods-BAMX_Delta/Pods-BAMX_Delta-frameworks-${CONFIGURATION}-input-files.xcfilelist",
			);
			name = "[CP] Embed Pods Frameworks";
			outputFileListPaths = (
				"${PODS_ROOT}/Target Support Files/Pods-BAMX_Delta/Pods-BAMX_Delta-frameworks-${CONFIGURATION}-output-files.xcfilelist",
			);
			runOnlyForDeploymentPostprocessing = 0;
			shellPath = /bin/sh;
			shellScript = "\"${PODS_ROOT}/Target Support Files/Pods-BAMX_Delta/Pods-BAMX_Delta-frameworks.sh\"\n";
			showEnvVarsInLog = 0;
		};
		3512CFB250B34068CF553C3C /* [CP] Check Pods Manifest.lock */ = {
			isa = PBXShellScriptBuildPhase;
			buildActionMask = 2147483647;
			files = (
			);
			inputFileListPaths = (
			);
			inputPaths = (
				"${PODS_PODFILE_DIR_PATH}/Podfile.lock",
				"${PODS_ROOT}/Manifest.lock",
			);
			name = "[CP] Check Pods Manifest.lock";
			outputFileListPaths = (
			);
			outputPaths = (
				"$(DERIVED_FILE_DIR)/Pods-BAMX_Delta-BAMX_DeltaUITests-checkManifestLockResult.txt",
			);
			runOnlyForDeploymentPostprocessing = 0;
			shellPath = /bin/sh;
			shellScript = "diff \"${PODS_PODFILE_DIR_PATH}/Podfile.lock\" \"${PODS_ROOT}/Manifest.lock\" > /dev/null\nif [ $? != 0 ] ; then\n    # print error to STDERR\n    echo \"error: The sandbox is not in sync with the Podfile.lock. Run 'pod install' or update your CocoaPods installation.\" >&2\n    exit 1\nfi\n# This output is used by Xcode 'outputs' to avoid re-running this script phase.\necho \"SUCCESS\" > \"${SCRIPT_OUTPUT_FILE_0}\"\n";
			showEnvVarsInLog = 0;
		};
		37A74212387BFB3232B92979 /* [CP] Embed Pods Frameworks */ = {
			isa = PBXShellScriptBuildPhase;
			buildActionMask = 2147483647;
			files = (
			);
			inputFileListPaths = (
				"${PODS_ROOT}/Target Support Files/Pods-BAMX_Delta-BAMX_DeltaUITests/Pods-BAMX_Delta-BAMX_DeltaUITests-frameworks-${CONFIGURATION}-input-files.xcfilelist",
			);
			name = "[CP] Embed Pods Frameworks";
			outputFileListPaths = (
				"${PODS_ROOT}/Target Support Files/Pods-BAMX_Delta-BAMX_DeltaUITests/Pods-BAMX_Delta-BAMX_DeltaUITests-frameworks-${CONFIGURATION}-output-files.xcfilelist",
			);
			runOnlyForDeploymentPostprocessing = 0;
			shellPath = /bin/sh;
			shellScript = "\"${PODS_ROOT}/Target Support Files/Pods-BAMX_Delta-BAMX_DeltaUITests/Pods-BAMX_Delta-BAMX_DeltaUITests-frameworks.sh\"\n";
			showEnvVarsInLog = 0;
		};
		8F86A90D60F087A4C753B523 /* [CP] Check Pods Manifest.lock */ = {
			isa = PBXShellScriptBuildPhase;
			buildActionMask = 2147483647;
			files = (
			);
			inputFileListPaths = (
			);
			inputPaths = (
				"${PODS_PODFILE_DIR_PATH}/Podfile.lock",
				"${PODS_ROOT}/Manifest.lock",
			);
			name = "[CP] Check Pods Manifest.lock";
			outputFileListPaths = (
			);
			outputPaths = (
				"$(DERIVED_FILE_DIR)/Pods-BAMX_DeltaTests-checkManifestLockResult.txt",
			);
			runOnlyForDeploymentPostprocessing = 0;
			shellPath = /bin/sh;
			shellScript = "diff \"${PODS_PODFILE_DIR_PATH}/Podfile.lock\" \"${PODS_ROOT}/Manifest.lock\" > /dev/null\nif [ $? != 0 ] ; then\n    # print error to STDERR\n    echo \"error: The sandbox is not in sync with the Podfile.lock. Run 'pod install' or update your CocoaPods installation.\" >&2\n    exit 1\nfi\n# This output is used by Xcode 'outputs' to avoid re-running this script phase.\necho \"SUCCESS\" > \"${SCRIPT_OUTPUT_FILE_0}\"\n";
			showEnvVarsInLog = 0;
		};
		91FDDE888C3D854860E9AC3A /* [CP] Check Pods Manifest.lock */ = {
			isa = PBXShellScriptBuildPhase;
			buildActionMask = 2147483647;
			files = (
			);
			inputFileListPaths = (
			);
			inputPaths = (
				"${PODS_PODFILE_DIR_PATH}/Podfile.lock",
				"${PODS_ROOT}/Manifest.lock",
			);
			name = "[CP] Check Pods Manifest.lock";
			outputFileListPaths = (
			);
			outputPaths = (
				"$(DERIVED_FILE_DIR)/Pods-BAMX_Delta-checkManifestLockResult.txt",
			);
			runOnlyForDeploymentPostprocessing = 0;
			shellPath = /bin/sh;
			shellScript = "diff \"${PODS_PODFILE_DIR_PATH}/Podfile.lock\" \"${PODS_ROOT}/Manifest.lock\" > /dev/null\nif [ $? != 0 ] ; then\n    # print error to STDERR\n    echo \"error: The sandbox is not in sync with the Podfile.lock. Run 'pod install' or update your CocoaPods installation.\" >&2\n    exit 1\nfi\n# This output is used by Xcode 'outputs' to avoid re-running this script phase.\necho \"SUCCESS\" > \"${SCRIPT_OUTPUT_FILE_0}\"\n";
			showEnvVarsInLog = 0;
		};
/* End PBXShellScriptBuildPhase section */

/* Begin PBXSourcesBuildPhase section */
		F266664928F76A74005C192C /* Sources */ = {
			isa = PBXSourcesBuildPhase;
			buildActionMask = 2147483647;
			files = (
				F26A28CB292FC88E005547D0 /* VolunteerViewController.swift in Sources */,
				F216911B2919E20500D42474 /* FirebaseAuthManager.swift in Sources */,
				F2171DB328FB655A002ADAB7 /* LoginViewController.swift in Sources */,
				F2E2048A29246ECE0043ED6E /* MyAccountViewController.swift in Sources */,
				F2171DBC28FB6E15002ADAB7 /* RegisterViewController.swift in Sources */,
				F266665528F76A74005C192C /* ViewController.swift in Sources */,
				F26A28CD292FC8A3005547D0 /* DonationsViewController.swift in Sources */,
				F23104BE292960D700BCD719 /* Usuario.swift in Sources */,
				F2F163EA29229B9F00F1C7F9 /* AboutUsViewController.swift in Sources */,
				F266665128F76A74005C192C /* AppDelegate.swift in Sources */,
				F21A5F18292E594800ED5064 /* CampaignsViewController.swift in Sources */,
				F266665328F76A74005C192C /* SceneDelegate.swift in Sources */,
			);
			runOnlyForDeploymentPostprocessing = 0;
		};
		F266665F28F76A79005C192C /* Sources */ = {
			isa = PBXSourcesBuildPhase;
			buildActionMask = 2147483647;
			files = (
				F266666828F76A7A005C192C /* BAMX_DeltaTests.swift in Sources */,
			);
			runOnlyForDeploymentPostprocessing = 0;
		};
		F266666928F76A7A005C192C /* Sources */ = {
			isa = PBXSourcesBuildPhase;
			buildActionMask = 2147483647;
			files = (
				F266667228F76A7A005C192C /* BAMX_DeltaUITests.swift in Sources */,
				F266667428F76A7A005C192C /* BAMX_DeltaUITestsLaunchTests.swift in Sources */,
			);
			runOnlyForDeploymentPostprocessing = 0;
		};
/* End PBXSourcesBuildPhase section */

/* Begin PBXTargetDependency section */
		F266666528F76A7A005C192C /* PBXTargetDependency */ = {
			isa = PBXTargetDependency;
			target = F266664C28F76A74005C192C /* BAMX_Delta */;
			targetProxy = F266666428F76A7A005C192C /* PBXContainerItemProxy */;
		};
		F266666F28F76A7A005C192C /* PBXTargetDependency */ = {
			isa = PBXTargetDependency;
			target = F266664C28F76A74005C192C /* BAMX_Delta */;
			targetProxy = F266666E28F76A7A005C192C /* PBXContainerItemProxy */;
		};
/* End PBXTargetDependency section */

/* Begin PBXVariantGroup section */
		F266665628F76A74005C192C /* Main.storyboard */ = {
			isa = PBXVariantGroup;
			children = (
				F266665728F76A74005C192C /* Base */,
			);
			name = Main.storyboard;
			sourceTree = "<group>";
		};
		F266665B28F76A78005C192C /* LaunchScreen.storyboard */ = {
			isa = PBXVariantGroup;
			children = (
				F266665C28F76A78005C192C /* Base */,
			);
			name = LaunchScreen.storyboard;
			sourceTree = "<group>";
		};
/* End PBXVariantGroup section */

/* Begin XCBuildConfiguration section */
		F266667528F76A7A005C192C /* Debug */ = {
			isa = XCBuildConfiguration;
			buildSettings = {
				ALWAYS_SEARCH_USER_PATHS = NO;
				CLANG_ANALYZER_NONNULL = YES;
				CLANG_ANALYZER_NUMBER_OBJECT_CONVERSION = YES_AGGRESSIVE;
				CLANG_CXX_LANGUAGE_STANDARD = "gnu++20";
				CLANG_ENABLE_MODULES = YES;
				CLANG_ENABLE_OBJC_ARC = YES;
				CLANG_ENABLE_OBJC_WEAK = YES;
				CLANG_WARN_BLOCK_CAPTURE_AUTORELEASING = YES;
				CLANG_WARN_BOOL_CONVERSION = YES;
				CLANG_WARN_COMMA = YES;
				CLANG_WARN_CONSTANT_CONVERSION = YES;
				CLANG_WARN_DEPRECATED_OBJC_IMPLEMENTATIONS = YES;
				CLANG_WARN_DIRECT_OBJC_ISA_USAGE = YES_ERROR;
				CLANG_WARN_DOCUMENTATION_COMMENTS = YES;
				CLANG_WARN_EMPTY_BODY = YES;
				CLANG_WARN_ENUM_CONVERSION = YES;
				CLANG_WARN_INFINITE_RECURSION = YES;
				CLANG_WARN_INT_CONVERSION = YES;
				CLANG_WARN_NON_LITERAL_NULL_CONVERSION = YES;
				CLANG_WARN_OBJC_IMPLICIT_RETAIN_SELF = YES;
				CLANG_WARN_OBJC_LITERAL_CONVERSION = YES;
				CLANG_WARN_OBJC_ROOT_CLASS = YES_ERROR;
				CLANG_WARN_QUOTED_INCLUDE_IN_FRAMEWORK_HEADER = YES;
				CLANG_WARN_RANGE_LOOP_ANALYSIS = YES;
				CLANG_WARN_STRICT_PROTOTYPES = YES;
				CLANG_WARN_SUSPICIOUS_MOVE = YES;
				CLANG_WARN_UNGUARDED_AVAILABILITY = YES_AGGRESSIVE;
				CLANG_WARN_UNREACHABLE_CODE = YES;
				CLANG_WARN__DUPLICATE_METHOD_MATCH = YES;
				COPY_PHASE_STRIP = NO;
				DEBUG_INFORMATION_FORMAT = dwarf;
				ENABLE_STRICT_OBJC_MSGSEND = YES;
				ENABLE_TESTABILITY = YES;
				GCC_C_LANGUAGE_STANDARD = gnu11;
				GCC_DYNAMIC_NO_PIC = NO;
				GCC_NO_COMMON_BLOCKS = YES;
				GCC_OPTIMIZATION_LEVEL = 0;
				GCC_PREPROCESSOR_DEFINITIONS = (
					"DEBUG=1",
					"$(inherited)",
				);
				GCC_WARN_64_TO_32_BIT_CONVERSION = YES;
				GCC_WARN_ABOUT_RETURN_TYPE = YES_ERROR;
				GCC_WARN_UNDECLARED_SELECTOR = YES;
				GCC_WARN_UNINITIALIZED_AUTOS = YES_AGGRESSIVE;
				GCC_WARN_UNUSED_FUNCTION = YES;
				GCC_WARN_UNUSED_VARIABLE = YES;
				IPHONEOS_DEPLOYMENT_TARGET = 16.0;
				MTL_ENABLE_DEBUG_INFO = INCLUDE_SOURCE;
				MTL_FAST_MATH = YES;
				ONLY_ACTIVE_ARCH = YES;
				SDKROOT = iphoneos;
				SWIFT_ACTIVE_COMPILATION_CONDITIONS = DEBUG;
				SWIFT_OPTIMIZATION_LEVEL = "-Onone";
			};
			name = Debug;
		};
		F266667628F76A7A005C192C /* Release */ = {
			isa = XCBuildConfiguration;
			buildSettings = {
				ALWAYS_SEARCH_USER_PATHS = NO;
				CLANG_ANALYZER_NONNULL = YES;
				CLANG_ANALYZER_NUMBER_OBJECT_CONVERSION = YES_AGGRESSIVE;
				CLANG_CXX_LANGUAGE_STANDARD = "gnu++20";
				CLANG_ENABLE_MODULES = YES;
				CLANG_ENABLE_OBJC_ARC = YES;
				CLANG_ENABLE_OBJC_WEAK = YES;
				CLANG_WARN_BLOCK_CAPTURE_AUTORELEASING = YES;
				CLANG_WARN_BOOL_CONVERSION = YES;
				CLANG_WARN_COMMA = YES;
				CLANG_WARN_CONSTANT_CONVERSION = YES;
				CLANG_WARN_DEPRECATED_OBJC_IMPLEMENTATIONS = YES;
				CLANG_WARN_DIRECT_OBJC_ISA_USAGE = YES_ERROR;
				CLANG_WARN_DOCUMENTATION_COMMENTS = YES;
				CLANG_WARN_EMPTY_BODY = YES;
				CLANG_WARN_ENUM_CONVERSION = YES;
				CLANG_WARN_INFINITE_RECURSION = YES;
				CLANG_WARN_INT_CONVERSION = YES;
				CLANG_WARN_NON_LITERAL_NULL_CONVERSION = YES;
				CLANG_WARN_OBJC_IMPLICIT_RETAIN_SELF = YES;
				CLANG_WARN_OBJC_LITERAL_CONVERSION = YES;
				CLANG_WARN_OBJC_ROOT_CLASS = YES_ERROR;
				CLANG_WARN_QUOTED_INCLUDE_IN_FRAMEWORK_HEADER = YES;
				CLANG_WARN_RANGE_LOOP_ANALYSIS = YES;
				CLANG_WARN_STRICT_PROTOTYPES = YES;
				CLANG_WARN_SUSPICIOUS_MOVE = YES;
				CLANG_WARN_UNGUARDED_AVAILABILITY = YES_AGGRESSIVE;
				CLANG_WARN_UNREACHABLE_CODE = YES;
				CLANG_WARN__DUPLICATE_METHOD_MATCH = YES;
				COPY_PHASE_STRIP = NO;
				DEBUG_INFORMATION_FORMAT = "dwarf-with-dsym";
				ENABLE_NS_ASSERTIONS = NO;
				ENABLE_STRICT_OBJC_MSGSEND = YES;
				GCC_C_LANGUAGE_STANDARD = gnu11;
				GCC_NO_COMMON_BLOCKS = YES;
				GCC_WARN_64_TO_32_BIT_CONVERSION = YES;
				GCC_WARN_ABOUT_RETURN_TYPE = YES_ERROR;
				GCC_WARN_UNDECLARED_SELECTOR = YES;
				GCC_WARN_UNINITIALIZED_AUTOS = YES_AGGRESSIVE;
				GCC_WARN_UNUSED_FUNCTION = YES;
				GCC_WARN_UNUSED_VARIABLE = YES;
				IPHONEOS_DEPLOYMENT_TARGET = 16.0;
				MTL_ENABLE_DEBUG_INFO = NO;
				MTL_FAST_MATH = YES;
				SDKROOT = iphoneos;
				SWIFT_COMPILATION_MODE = wholemodule;
				SWIFT_OPTIMIZATION_LEVEL = "-O";
				VALIDATE_PRODUCT = YES;
			};
			name = Release;
		};
		F266667828F76A7A005C192C /* Debug */ = {
			isa = XCBuildConfiguration;
			baseConfigurationReference = ECA6287FA6435AA790BB5269 /* Pods-BAMX_Delta.debug.xcconfig */;
			buildSettings = {
				ASSETCATALOG_COMPILER_APPICON_NAME = AppIcon;
				ASSETCATALOG_COMPILER_GLOBAL_ACCENT_COLOR_NAME = AccentColor;
				CODE_SIGN_STYLE = Automatic;
				CURRENT_PROJECT_VERSION = 1;
				GENERATE_INFOPLIST_FILE = YES;
				INFOPLIST_FILE = BAMX_Delta/Info.plist;
				INFOPLIST_KEY_UIApplicationSupportsIndirectInputEvents = YES;
				INFOPLIST_KEY_UILaunchStoryboardName = LaunchScreen;
				INFOPLIST_KEY_UIMainStoryboardFile = Main;
				INFOPLIST_KEY_UISupportedInterfaceOrientations_iPad = "UIInterfaceOrientationPortrait UIInterfaceOrientationPortraitUpsideDown UIInterfaceOrientationLandscapeLeft UIInterfaceOrientationLandscapeRight";
				INFOPLIST_KEY_UISupportedInterfaceOrientations_iPhone = "UIInterfaceOrientationPortrait UIInterfaceOrientationLandscapeLeft UIInterfaceOrientationLandscapeRight";
				LD_RUNPATH_SEARCH_PATHS = (
					"$(inherited)",
					"@executable_path/Frameworks",
				);
				MARKETING_VERSION = 1.0;
				PRODUCT_BUNDLE_IDENTIFIER = "mx.itesm.BAMX-Delta";
				PRODUCT_NAME = "$(TARGET_NAME)";
				SWIFT_EMIT_LOC_STRINGS = YES;
				SWIFT_VERSION = 5.0;
				TARGETED_DEVICE_FAMILY = "1,2";
			};
			name = Debug;
		};
		F266667928F76A7A005C192C /* Release */ = {
			isa = XCBuildConfiguration;
			baseConfigurationReference = 4347FE19018E97C0AE1CC075 /* Pods-BAMX_Delta.release.xcconfig */;
			buildSettings = {
				ASSETCATALOG_COMPILER_APPICON_NAME = AppIcon;
				ASSETCATALOG_COMPILER_GLOBAL_ACCENT_COLOR_NAME = AccentColor;
				CODE_SIGN_STYLE = Automatic;
				CURRENT_PROJECT_VERSION = 1;
				GENERATE_INFOPLIST_FILE = YES;
				INFOPLIST_FILE = BAMX_Delta/Info.plist;
				INFOPLIST_KEY_UIApplicationSupportsIndirectInputEvents = YES;
				INFOPLIST_KEY_UILaunchStoryboardName = LaunchScreen;
				INFOPLIST_KEY_UIMainStoryboardFile = Main;
				INFOPLIST_KEY_UISupportedInterfaceOrientations_iPad = "UIInterfaceOrientationPortrait UIInterfaceOrientationPortraitUpsideDown UIInterfaceOrientationLandscapeLeft UIInterfaceOrientationLandscapeRight";
				INFOPLIST_KEY_UISupportedInterfaceOrientations_iPhone = "UIInterfaceOrientationPortrait UIInterfaceOrientationLandscapeLeft UIInterfaceOrientationLandscapeRight";
				LD_RUNPATH_SEARCH_PATHS = (
					"$(inherited)",
					"@executable_path/Frameworks",
				);
				MARKETING_VERSION = 1.0;
				PRODUCT_BUNDLE_IDENTIFIER = "mx.itesm.BAMX-Delta";
				PRODUCT_NAME = "$(TARGET_NAME)";
				SWIFT_EMIT_LOC_STRINGS = YES;
				SWIFT_VERSION = 5.0;
				TARGETED_DEVICE_FAMILY = "1,2";
			};
			name = Release;
		};
		F266667B28F76A7A005C192C /* Debug */ = {
			isa = XCBuildConfiguration;
			baseConfigurationReference = BE01436F7253D73023EB8CB4 /* Pods-BAMX_DeltaTests.debug.xcconfig */;
			buildSettings = {
				ALWAYS_EMBED_SWIFT_STANDARD_LIBRARIES = YES;
				BUNDLE_LOADER = "$(TEST_HOST)";
				CODE_SIGN_STYLE = Automatic;
				CURRENT_PROJECT_VERSION = 1;
				GENERATE_INFOPLIST_FILE = YES;
				IPHONEOS_DEPLOYMENT_TARGET = 16.0;
				MARKETING_VERSION = 1.0;
				PRODUCT_BUNDLE_IDENTIFIER = "mx.itesm.BAMX-DeltaTests";
				PRODUCT_NAME = "$(TARGET_NAME)";
				SWIFT_EMIT_LOC_STRINGS = NO;
				SWIFT_VERSION = 5.0;
				TARGETED_DEVICE_FAMILY = "1,2";
				TEST_HOST = "$(BUILT_PRODUCTS_DIR)/BAMX_Delta.app/$(BUNDLE_EXECUTABLE_FOLDER_PATH)/BAMX_Delta";
			};
			name = Debug;
		};
		F266667C28F76A7A005C192C /* Release */ = {
			isa = XCBuildConfiguration;
			baseConfigurationReference = 10974F3C14007FC94FF3FA92 /* Pods-BAMX_DeltaTests.release.xcconfig */;
			buildSettings = {
				ALWAYS_EMBED_SWIFT_STANDARD_LIBRARIES = YES;
				BUNDLE_LOADER = "$(TEST_HOST)";
				CODE_SIGN_STYLE = Automatic;
				CURRENT_PROJECT_VERSION = 1;
				GENERATE_INFOPLIST_FILE = YES;
				IPHONEOS_DEPLOYMENT_TARGET = 16.0;
				MARKETING_VERSION = 1.0;
				PRODUCT_BUNDLE_IDENTIFIER = "mx.itesm.BAMX-DeltaTests";
				PRODUCT_NAME = "$(TARGET_NAME)";
				SWIFT_EMIT_LOC_STRINGS = NO;
				SWIFT_VERSION = 5.0;
				TARGETED_DEVICE_FAMILY = "1,2";
				TEST_HOST = "$(BUILT_PRODUCTS_DIR)/BAMX_Delta.app/$(BUNDLE_EXECUTABLE_FOLDER_PATH)/BAMX_Delta";
			};
			name = Release;
		};
		F266667E28F76A7A005C192C /* Debug */ = {
			isa = XCBuildConfiguration;
			baseConfigurationReference = 5D8A1B13E10B67FFB11C5880 /* Pods-BAMX_Delta-BAMX_DeltaUITests.debug.xcconfig */;
			buildSettings = {
				ALWAYS_EMBED_SWIFT_STANDARD_LIBRARIES = YES;
				CODE_SIGN_STYLE = Automatic;
				CURRENT_PROJECT_VERSION = 1;
				GENERATE_INFOPLIST_FILE = YES;
				MARKETING_VERSION = 1.0;
				PRODUCT_BUNDLE_IDENTIFIER = "mx.itesm.BAMX-DeltaUITests";
				PRODUCT_NAME = "$(TARGET_NAME)";
				SWIFT_EMIT_LOC_STRINGS = NO;
				SWIFT_VERSION = 5.0;
				TARGETED_DEVICE_FAMILY = "1,2";
				TEST_TARGET_NAME = BAMX_Delta;
			};
			name = Debug;
		};
		F266667F28F76A7A005C192C /* Release */ = {
			isa = XCBuildConfiguration;
			baseConfigurationReference = 2FBAD79282CE80454B411624 /* Pods-BAMX_Delta-BAMX_DeltaUITests.release.xcconfig */;
			buildSettings = {
				ALWAYS_EMBED_SWIFT_STANDARD_LIBRARIES = YES;
				CODE_SIGN_STYLE = Automatic;
				CURRENT_PROJECT_VERSION = 1;
				GENERATE_INFOPLIST_FILE = YES;
				MARKETING_VERSION = 1.0;
				PRODUCT_BUNDLE_IDENTIFIER = "mx.itesm.BAMX-DeltaUITests";
				PRODUCT_NAME = "$(TARGET_NAME)";
				SWIFT_EMIT_LOC_STRINGS = NO;
				SWIFT_VERSION = 5.0;
				TARGETED_DEVICE_FAMILY = "1,2";
				TEST_TARGET_NAME = BAMX_Delta;
			};
			name = Release;
		};
/* End XCBuildConfiguration section */

/* Begin XCConfigurationList section */
		F266664828F76A74005C192C /* Build configuration list for PBXProject "BAMX_Delta" */ = {
			isa = XCConfigurationList;
			buildConfigurations = (
				F266667528F76A7A005C192C /* Debug */,
				F266667628F76A7A005C192C /* Release */,
			);
			defaultConfigurationIsVisible = 0;
			defaultConfigurationName = Release;
		};
		F266667728F76A7A005C192C /* Build configuration list for PBXNativeTarget "BAMX_Delta" */ = {
			isa = XCConfigurationList;
			buildConfigurations = (
				F266667828F76A7A005C192C /* Debug */,
				F266667928F76A7A005C192C /* Release */,
			);
			defaultConfigurationIsVisible = 0;
			defaultConfigurationName = Release;
		};
		F266667A28F76A7A005C192C /* Build configuration list for PBXNativeTarget "BAMX_DeltaTests" */ = {
			isa = XCConfigurationList;
			buildConfigurations = (
				F266667B28F76A7A005C192C /* Debug */,
				F266667C28F76A7A005C192C /* Release */,
			);
			defaultConfigurationIsVisible = 0;
			defaultConfigurationName = Release;
		};
		F266667D28F76A7A005C192C /* Build configuration list for PBXNativeTarget "BAMX_DeltaUITests" */ = {
			isa = XCConfigurationList;
			buildConfigurations = (
				F266667E28F76A7A005C192C /* Debug */,
				F266667F28F76A7A005C192C /* Release */,
			);
			defaultConfigurationIsVisible = 0;
			defaultConfigurationName = Release;
		};
/* End XCConfigurationList section */

/* Begin XCRemoteSwiftPackageReference section */
		F21D5F6D291714EE00324EA5 /* XCRemoteSwiftPackageReference "firebase-ios-sdk" */ = {
			isa = XCRemoteSwiftPackageReference;
			repositoryURL = "https://github.com/firebase/firebase-ios-sdk";
			requirement = {
				branch = master;
				kind = branch;
			};
		};
/* End XCRemoteSwiftPackageReference section */

/* Begin XCSwiftPackageProductDependency section */
		F21D5F6E291714EE00324EA5 /* FirebaseAuth */ = {
			isa = XCSwiftPackageProductDependency;
			package = F21D5F6D291714EE00324EA5 /* XCRemoteSwiftPackageReference "firebase-ios-sdk" */;
			productName = FirebaseAuth;
		};
		F21D5F70291714EE00324EA5 /* FirebaseDatabase */ = {
			isa = XCSwiftPackageProductDependency;
			package = F21D5F6D291714EE00324EA5 /* XCRemoteSwiftPackageReference "firebase-ios-sdk" */;
			productName = FirebaseDatabase;
		};
/* End XCSwiftPackageProductDependency section */
	};
	rootObject = F266664528F76A74005C192C /* Project object */;
}
